{
  "version": 4,
  "terraform_version": "1.2.2",
  "serial": 93,
  "lineage": "eec98343-7f74-c282-5540-e1f74c2cdf32",
  "outputs": {},
  "resources": [
    {
      "mode": "data",
      "type": "aws_ami",
      "name": "amazon_linux",
      "provider": "provider[\"registry.terraform.io/hashicorp/aws\"]",
      "instances": [
        {
          "schema_version": 0,
          "attributes": {
            "architecture": "x86_64",
            "arn": "arn:aws:ec2:us-east-1::image/ami-026b57f3c383c2eec",
            "block_device_mappings": [
              {
                "device_name": "/dev/xvda",
                "ebs": {
                  "delete_on_termination": "true",
                  "encrypted": "false",
                  "iops": "0",
                  "snapshot_id": "snap-07bb85133b158fe99",
                  "throughput": "0",
                  "volume_size": "8",
                  "volume_type": "gp2"
                },
                "no_device": "",
                "virtual_name": ""
              }
            ],
            "boot_mode": "",
            "creation_date": "2022-09-15T08:59:11.000Z",
            "deprecation_time": "2024-09-15T08:59:11.000Z",
            "description": "Amazon Linux 2 Kernel 5.10 AMI 2.0.20220912.1 x86_64 HVM gp2",
            "ena_support": true,
            "executable_users": null,
            "filter": [
              {
                "name": "name",
                "values": [
                  "amzn2-ami-kernel-*-x86_64-gp2"
                ]
              },
              {
                "name": "virtualization-type",
                "values": [
                  "hvm"
                ]
              }
            ],
            "hypervisor": "xen",
            "id": "ami-026b57f3c383c2eec",
            "image_id": "ami-026b57f3c383c2eec",
            "image_location": "amazon/amzn2-ami-kernel-5.10-hvm-2.0.20220912.1-x86_64-gp2",
            "image_owner_alias": "amazon",
            "image_type": "machine",
            "include_deprecated": false,
            "kernel_id": "",
            "most_recent": true,
            "name": "amzn2-ami-kernel-5.10-hvm-2.0.20220912.1-x86_64-gp2",
            "name_regex": null,
            "owner_id": "137112412989",
            "owners": [
              "amazon"
            ],
            "platform": "",
            "platform_details": "Linux/UNIX",
            "product_codes": [],
            "public": true,
            "ramdisk_id": "",
            "root_device_name": "/dev/xvda",
            "root_device_type": "ebs",
            "root_snapshot_id": "snap-07bb85133b158fe99",
            "sriov_net_support": "simple",
            "state": "available",
            "state_reason": {
              "code": "UNSET",
              "message": "UNSET"
            },
            "tags": {},
            "timeouts": null,
            "tpm_support": "",
            "usage_operation": "RunInstances",
            "virtualization_type": "hvm"
          },
          "sensitive_attributes": []
        }
      ]
    },
    {
      "mode": "data",
      "type": "aws_subnet",
      "name": "protradenet_priv-1",
      "provider": "provider[\"registry.terraform.io/hashicorp/aws\"]",
      "instances": [
        {
          "schema_version": 0,
          "attributes": {
            "arn": "arn:aws:ec2:us-east-1:918976809844:subnet/subnet-0ac5b975f1505a4d9",
            "assign_ipv6_address_on_creation": false,
            "availability_zone": "us-east-1a",
            "availability_zone_id": "use1-az2",
            "available_ip_address_count": 4091,
            "cidr_block": "10.0.128.0/20",
            "customer_owned_ipv4_pool": "",
            "default_for_az": false,
            "enable_dns64": false,
            "enable_resource_name_dns_a_record_on_launch": false,
            "enable_resource_name_dns_aaaa_record_on_launch": false,
            "filter": null,
            "id": "subnet-0ac5b975f1505a4d9",
            "ipv6_cidr_block": "",
            "ipv6_cidr_block_association_id": "",
            "ipv6_native": false,
            "map_customer_owned_ip_on_launch": false,
            "map_public_ip_on_launch": false,
            "outpost_arn": "",
            "owner_id": "918976809844",
            "private_dns_hostname_type_on_launch": "ip-name",
            "state": "available",
            "tags": {
              "Name": "project-subnet-private1-us-east-1a"
            },
            "timeouts": null,
            "vpc_id": "vpc-0a87cea05526db67d"
          },
          "sensitive_attributes": []
        }
      ]
    },
    {
      "mode": "data",
      "type": "aws_subnet",
      "name": "protradenet_priv-2",
      "provider": "provider[\"registry.terraform.io/hashicorp/aws\"]",
      "instances": [
        {
          "schema_version": 0,
          "attributes": {
            "arn": "arn:aws:ec2:us-east-1:918976809844:subnet/subnet-023d5d457e96deb29",
            "assign_ipv6_address_on_creation": false,
            "availability_zone": "us-east-1b",
            "availability_zone_id": "use1-az4",
            "available_ip_address_count": 4091,
            "cidr_block": "10.0.144.0/20",
            "customer_owned_ipv4_pool": "",
            "default_for_az": false,
            "enable_dns64": false,
            "enable_resource_name_dns_a_record_on_launch": false,
            "enable_resource_name_dns_aaaa_record_on_launch": false,
            "filter": null,
            "id": "subnet-023d5d457e96deb29",
            "ipv6_cidr_block": "",
            "ipv6_cidr_block_association_id": "",
            "ipv6_native": false,
            "map_customer_owned_ip_on_launch": false,
            "map_public_ip_on_launch": false,
            "outpost_arn": "",
            "owner_id": "918976809844",
            "private_dns_hostname_type_on_launch": "ip-name",
            "state": "available",
            "tags": {
              "Name": "project-subnet-private2-us-east-1b"
            },
            "timeouts": null,
            "vpc_id": "vpc-0a87cea05526db67d"
          },
          "sensitive_attributes": []
        }
      ]
    },
    {
      "mode": "data",
      "type": "aws_subnet",
      "name": "protradenet_public-1",
      "provider": "provider[\"registry.terraform.io/hashicorp/aws\"]",
      "instances": [
        {
          "schema_version": 0,
          "attributes": {
            "arn": "arn:aws:ec2:us-east-1:918976809844:subnet/subnet-060c1a045db9f924a",
            "assign_ipv6_address_on_creation": false,
            "availability_zone": "us-east-1a",
            "availability_zone_id": "use1-az2",
            "available_ip_address_count": 4091,
            "cidr_block": "10.0.0.0/20",
            "customer_owned_ipv4_pool": "",
            "default_for_az": false,
            "enable_dns64": false,
            "enable_resource_name_dns_a_record_on_launch": false,
            "enable_resource_name_dns_aaaa_record_on_launch": false,
            "filter": null,
            "id": "subnet-060c1a045db9f924a",
            "ipv6_cidr_block": "",
            "ipv6_cidr_block_association_id": "",
            "ipv6_native": false,
            "map_customer_owned_ip_on_launch": false,
            "map_public_ip_on_launch": false,
            "outpost_arn": "",
            "owner_id": "918976809844",
            "private_dns_hostname_type_on_launch": "ip-name",
            "state": "available",
            "tags": {
              "Name": "project-subnet-public1-us-east-1a"
            },
            "timeouts": null,
            "vpc_id": "vpc-0a87cea05526db67d"
          },
          "sensitive_attributes": []
        }
      ]
    },
    {
      "mode": "data",
      "type": "aws_subnet",
      "name": "protradenet_public-2",
      "provider": "provider[\"registry.terraform.io/hashicorp/aws\"]",
      "instances": [
        {
          "schema_version": 0,
          "attributes": {
            "arn": "arn:aws:ec2:us-east-1:918976809844:subnet/subnet-0d03dfc09e3ac4a3f",
            "assign_ipv6_address_on_creation": false,
            "availability_zone": "us-east-1b",
            "availability_zone_id": "use1-az4",
            "available_ip_address_count": 4091,
            "cidr_block": "10.0.16.0/20",
            "customer_owned_ipv4_pool": "",
            "default_for_az": false,
            "enable_dns64": false,
            "enable_resource_name_dns_a_record_on_launch": false,
            "enable_resource_name_dns_aaaa_record_on_launch": false,
            "filter": null,
            "id": "subnet-0d03dfc09e3ac4a3f",
            "ipv6_cidr_block": "",
            "ipv6_cidr_block_association_id": "",
            "ipv6_native": false,
            "map_customer_owned_ip_on_launch": false,
            "map_public_ip_on_launch": false,
            "outpost_arn": "",
            "owner_id": "918976809844",
            "private_dns_hostname_type_on_launch": "ip-name",
            "state": "available",
            "tags": {
              "Name": "project-subnet-public2-us-east-1b"
            },
            "timeouts": null,
            "vpc_id": "vpc-0a87cea05526db67d"
          },
          "sensitive_attributes": []
        }
      ]
    },
    {
      "mode": "data",
      "type": "aws_vpc",
      "name": "protradenet_vpc",
      "provider": "provider[\"registry.terraform.io/hashicorp/aws\"]",
      "instances": [
        {
          "schema_version": 0,
          "attributes": {
            "arn": "arn:aws:ec2:us-east-1:918976809844:vpc/vpc-0a87cea05526db67d",
            "cidr_block": "10.0.0.0/16",
            "cidr_block_associations": [
              {
                "association_id": "vpc-cidr-assoc-06830418ec7f2f889",
                "cidr_block": "10.0.0.0/16",
                "state": "associated"
              }
            ],
            "default": false,
            "dhcp_options_id": "dopt-09d0dd7447554036c",
            "enable_dns_hostnames": true,
            "enable_dns_support": true,
            "filter": null,
            "id": "vpc-0a87cea05526db67d",
            "instance_tenancy": "default",
            "ipv6_association_id": "",
            "ipv6_cidr_block": "",
            "main_route_table_id": "rtb-009d655021ceb17bd",
            "owner_id": "918976809844",
            "state": null,
            "tags": {
              "Name": "project-vpc"
            },
            "timeouts": null
          },
          "sensitive_attributes": []
        }
      ]
    },
    {
      "mode": "managed",
      "type": "aws_instance",
      "name": "protradenet-1",
      "provider": "provider[\"registry.terraform.io/hashicorp/aws\"]",
      "instances": [
        {
          "schema_version": 1,
          "attributes": {
            "ami": "ami-026b57f3c383c2eec",
            "arn": "arn:aws:ec2:us-east-1:918976809844:instance/i-0fd7217745578e18f",
            "associate_public_ip_address": false,
            "availability_zone": "us-east-1a",
            "capacity_reservation_specification": [
              {
                "capacity_reservation_preference": "open",
                "capacity_reservation_target": []
              }
            ],
            "cpu_core_count": 1,
            "cpu_threads_per_core": 2,
            "credit_specification": [
              {
                "cpu_credits": "unlimited"
              }
            ],
            "disable_api_stop": false,
            "disable_api_termination": false,
            "ebs_block_device": [
              {
                "delete_on_termination": true,
                "device_name": "/dev/xvdc",
                "encrypted": false,
                "iops": 150,
                "kms_key_id": "",
                "snapshot_id": "",
                "tags": {},
                "throughput": 0,
                "volume_id": "vol-0e0f67045112732ac",
                "volume_size": 50,
                "volume_type": "gp2"
              }
            ],
            "ebs_optimized": false,
            "enclave_options": [
              {
                "enabled": false
              }
            ],
            "ephemeral_block_device": [],
            "get_password_data": false,
            "hibernation": false,
            "host_id": null,
            "host_resource_group_arn": null,
            "iam_instance_profile": "",
            "id": "i-0fd7217745578e18f",
            "instance_initiated_shutdown_behavior": "stop",
            "instance_state": "running",
            "instance_type": "t3a.large",
            "ipv6_address_count": 0,
            "ipv6_addresses": [],
            "key_name": "protradenet_key",
            "launch_template": [],
            "maintenance_options": [
              {
                "auto_recovery": "default"
              }
            ],
            "metadata_options": [
              {
                "http_endpoint": "enabled",
                "http_put_response_hop_limit": 1,
                "http_tokens": "optional",
                "instance_metadata_tags": "disabled"
              }
            ],
            "monitoring": false,
            "network_interface": [],
            "outpost_arn": "",
            "password_data": "",
            "placement_group": "",
            "placement_partition_number": null,
            "primary_network_interface_id": "eni-0bcdf03cd62355f7c",
            "private_dns": "ip-10-0-141-51.ec2.internal",
            "private_dns_name_options": [
              {
                "enable_resource_name_dns_a_record": false,
                "enable_resource_name_dns_aaaa_record": false,
                "hostname_type": "ip-name"
              }
            ],
            "private_ip": "10.0.141.51",
            "public_dns": "",
            "public_ip": "",
            "root_block_device": [
              {
                "delete_on_termination": true,
                "device_name": "/dev/xvda",
                "encrypted": false,
                "iops": 100,
                "kms_key_id": "",
                "tags": null,
                "throughput": 0,
                "volume_id": "vol-0d01998e8768ecd6a",
                "volume_size": 30,
                "volume_type": "gp2"
              }
            ],
            "secondary_private_ips": [],
            "security_groups": [],
            "source_dest_check": true,
            "subnet_id": "subnet-0ac5b975f1505a4d9",
            "tags": {
              "Name": "protradenet-1"
            },
            "tags_all": {
              "Name": "protradenet-1"
            },
            "tenancy": "default",
            "timeouts": null,
            "user_data": null,
            "user_data_base64": null,
            "user_data_replace_on_change": false,
            "volume_tags": null,
            "vpc_security_group_ids": [
              "sg-0f35b11b5967ea682"
            ]
          },
          "sensitive_attributes": [],
          "private": "eyJlMmJmYjczMC1lY2FhLTExZTYtOGY4OC0zNDM2M2JjN2M0YzAiOnsiY3JlYXRlIjo2MDAwMDAwMDAwMDAsImRlbGV0ZSI6MTIwMDAwMDAwMDAwMCwidXBkYXRlIjo2MDAwMDAwMDAwMDB9LCJzY2hlbWFfdmVyc2lvbiI6IjEifQ==",
          "dependencies": [
            "aws_key_pair.protradenet-key",
            "aws_security_group.protradenet-sg",
            "data.aws_ami.amazon_linux",
            "data.aws_subnet.protradenet_priv-1",
            "data.aws_vpc.protradenet_vpc",
            "tls_private_key.protradenet_key"
          ]
        }
      ]
    },
    {
      "mode": "managed",
      "type": "aws_instance",
      "name": "protradenet-2",
      "provider": "provider[\"registry.terraform.io/hashicorp/aws\"]",
      "instances": [
        {
          "schema_version": 1,
          "attributes": {
            "ami": "ami-026b57f3c383c2eec",
            "arn": "arn:aws:ec2:us-east-1:918976809844:instance/i-00be909a1674c266d",
            "associate_public_ip_address": false,
            "availability_zone": "us-east-1b",
            "capacity_reservation_specification": [
              {
                "capacity_reservation_preference": "open",
                "capacity_reservation_target": []
              }
            ],
            "cpu_core_count": 1,
            "cpu_threads_per_core": 2,
            "credit_specification": [
              {
                "cpu_credits": "unlimited"
              }
            ],
            "disable_api_stop": false,
            "disable_api_termination": false,
            "ebs_block_device": [
              {
                "delete_on_termination": true,
                "device_name": "/dev/xvdc",
                "encrypted": false,
                "iops": 150,
                "kms_key_id": "",
                "snapshot_id": "",
                "tags": {},
                "throughput": 0,
                "volume_id": "vol-0ea891a7e98e218d1",
                "volume_size": 50,
                "volume_type": "gp2"
              }
            ],
            "ebs_optimized": false,
            "enclave_options": [
              {
                "enabled": false
              }
            ],
            "ephemeral_block_device": [],
            "get_password_data": false,
            "hibernation": false,
            "host_id": null,
            "host_resource_group_arn": null,
            "iam_instance_profile": "",
            "id": "i-00be909a1674c266d",
            "instance_initiated_shutdown_behavior": "stop",
            "instance_state": "running",
            "instance_type": "t3a.large",
            "ipv6_address_count": 0,
            "ipv6_addresses": [],
            "key_name": "protradenet_key",
            "launch_template": [],
            "maintenance_options": [
              {
                "auto_recovery": "default"
              }
            ],
            "metadata_options": [
              {
                "http_endpoint": "enabled",
                "http_put_response_hop_limit": 1,
                "http_tokens": "optional",
                "instance_metadata_tags": "disabled"
              }
            ],
            "monitoring": false,
            "network_interface": [],
            "outpost_arn": "",
            "password_data": "",
            "placement_group": "",
            "placement_partition_number": null,
            "primary_network_interface_id": "eni-0f7534a7efc8bc30b",
            "private_dns": "ip-10-0-156-191.ec2.internal",
            "private_dns_name_options": [
              {
                "enable_resource_name_dns_a_record": false,
                "enable_resource_name_dns_aaaa_record": false,
                "hostname_type": "ip-name"
              }
            ],
            "private_ip": "10.0.156.191",
            "public_dns": "",
            "public_ip": "",
            "root_block_device": [
              {
                "delete_on_termination": true,
                "device_name": "/dev/xvda",
                "encrypted": false,
                "iops": 100,
                "kms_key_id": "",
                "tags": null,
                "throughput": 0,
                "volume_id": "vol-074046e98e3bf4f39",
                "volume_size": 30,
                "volume_type": "gp2"
              }
            ],
            "secondary_private_ips": [],
            "security_groups": [],
            "source_dest_check": true,
            "subnet_id": "subnet-023d5d457e96deb29",
            "tags": {
              "Name": "protradenet-2"
            },
            "tags_all": {
              "Name": "protradenet-2"
            },
            "tenancy": "default",
            "timeouts": null,
            "user_data": null,
            "user_data_base64": null,
            "user_data_replace_on_change": false,
            "volume_tags": null,
            "vpc_security_group_ids": [
              "sg-0f35b11b5967ea682"
            ]
          },
          "sensitive_attributes": [],
          "private": "eyJlMmJmYjczMC1lY2FhLTExZTYtOGY4OC0zNDM2M2JjN2M0YzAiOnsiY3JlYXRlIjo2MDAwMDAwMDAwMDAsImRlbGV0ZSI6MTIwMDAwMDAwMDAwMCwidXBkYXRlIjo2MDAwMDAwMDAwMDB9LCJzY2hlbWFfdmVyc2lvbiI6IjEifQ==",
          "dependencies": [
            "aws_key_pair.protradenet-key",
            "aws_security_group.protradenet-sg",
            "data.aws_ami.amazon_linux",
            "data.aws_subnet.protradenet_priv-2",
            "data.aws_vpc.protradenet_vpc",
            "tls_private_key.protradenet_key"
          ]
        }
      ]
    },
    {
      "mode": "managed",
      "type": "aws_key_pair",
      "name": "protradenet-key",
      "provider": "provider[\"registry.terraform.io/hashicorp/aws\"]",
      "instances": [
        {
          "schema_version": 1,
          "attributes": {
            "arn": "arn:aws:ec2:us-east-1:918976809844:key-pair/protradenet_key",
            "fingerprint": "b3:f1:39:d7:80:79:ed:c2:67:f8:22:c4:04:fe:60:71",
            "id": "protradenet_key",
            "key_name": "protradenet_key",
            "key_name_prefix": "",
            "key_pair_id": "key-0d0c2156705729b19",
            "key_type": "rsa",
            "public_key": "ssh-rsa AAAAB3NzaC1yc2EAAAADAQABAAACAQCgRAdg3qJ2+cmzLIgkgFplgKYDANu+I+yTFtRDkkusik6/v6y6D70CpCnb6PjXjkOsa1wcFwuQk8yjuA/+MSEvH/LGkMuCxN4cQOkkfEqkAeNRoKQjslJQvvKNJg6R2teGpme/eIw8p/l6B19x/SF7tbRDujUgqaNMc/phvg0Gli94eWCxQ2dWTRD5aTbx4ZrrOZg1XScomXodEvIeBh+YwTqoES/M2SWIsCy+PVsSm2onsB8jtQ0EIiPofZNLMBSPd+LbSq4wtDy4nbwEkrdEED3Jyee79uh09/aZ+xQDo7KBpcI08JZKgP45Uu52BdOKr3VsE4FvpfNuNMHXMLHZq2QWY7k/M1UMFLYoBgSKcZfdX8lmWRRxU4rw6mVJ0kjUaacAXyyj9XXSjf8lnl6Looat3+fsGtQeA2A/CBRzx8K3Zkh+H/P/rq7LGWmBGFTXgycMFK6RW7J97FsdYOsRlf1JiP+BRP4hH7Wmr6qZv8q80Yp+qk/aukfQP6T/c61qQbXFArBVa5dy2FhGo9eBXdlFYQxw4gIqd4Bw/EQwsBtDM2o55+LG6n7dus9VkLdqzHYTlQ1azGmFVpqmKkdYmVz+V/9DwHCVfBtxbf0yDE8LHXTXRKfqrouMcHT7lQOA0mgSzRBpVhM/9mgF4Ox9iC1hQbkq3bPzm7nTP0nTrQ==",
            "tags": null,
            "tags_all": {}
          },
          "sensitive_attributes": [],
          "private": "eyJzY2hlbWFfdmVyc2lvbiI6IjEifQ==",
          "dependencies": [
            "tls_private_key.protradenet_key"
          ]
        }
      ]
    },
    {
      "mode": "managed",
      "type": "aws_lb",
      "name": "protradenet-alb",
      "provider": "provider[\"registry.terraform.io/hashicorp/aws\"]",
      "instances": [
        {
          "schema_version": 0,
          "attributes": {
            "access_logs": [
              {
                "bucket": "",
                "enabled": false,
                "prefix": ""
              }
            ],
            "arn": "arn:aws:elasticloadbalancing:us-east-1:918976809844:loadbalancer/app/protradenet-alb/f88e8f1de86a3fe4",
            "arn_suffix": "app/protradenet-alb/f88e8f1de86a3fe4",
            "customer_owned_ipv4_pool": "",
            "desync_mitigation_mode": "defensive",
            "dns_name": "protradenet-alb-717577441.us-east-1.elb.amazonaws.com",
            "drop_invalid_header_fields": false,
            "enable_cross_zone_load_balancing": null,
            "enable_deletion_protection": false,
            "enable_http2": true,
            "enable_waf_fail_open": false,
            "id": "arn:aws:elasticloadbalancing:us-east-1:918976809844:loadbalancer/app/protradenet-alb/f88e8f1de86a3fe4",
            "idle_timeout": 60,
            "internal": false,
            "ip_address_type": "ipv4",
            "load_balancer_type": "application",
            "name": "protradenet-alb",
            "name_prefix": null,
            "preserve_host_header": false,
            "security_groups": [
              "sg-03699802c5905d20f"
            ],
            "subnet_mapping": [
              {
                "allocation_id": "",
                "ipv6_address": "",
                "outpost_id": "",
                "private_ipv4_address": "",
                "subnet_id": "subnet-060c1a045db9f924a"
              },
              {
                "allocation_id": "",
                "ipv6_address": "",
                "outpost_id": "",
                "private_ipv4_address": "",
                "subnet_id": "subnet-0d03dfc09e3ac4a3f"
              }
            ],
            "subnets": [
              "subnet-060c1a045db9f924a",
              "subnet-0d03dfc09e3ac4a3f"
            ],
            "tags": null,
            "tags_all": {},
            "timeouts": null,
            "vpc_id": "vpc-0a87cea05526db67d",
            "zone_id": "Z35SXDOTRQ7X7K"
          },
          "sensitive_attributes": [],
          "private": "eyJlMmJmYjczMC1lY2FhLTExZTYtOGY4OC0zNDM2M2JjN2M0YzAiOnsiY3JlYXRlIjo2MDAwMDAwMDAwMDAsImRlbGV0ZSI6NjAwMDAwMDAwMDAwLCJ1cGRhdGUiOjYwMDAwMDAwMDAwMH19",
          "dependencies": [
            "aws_security_group.protradenet-alb-sg",
            "data.aws_subnet.protradenet_public-1",
            "data.aws_subnet.protradenet_public-2",
            "data.aws_vpc.protradenet_vpc"
          ]
        }
      ]
    },
    {
      "mode": "managed",
      "type": "aws_lb_listener",
      "name": "protradenet-listener-1",
      "provider": "provider[\"registry.terraform.io/hashicorp/aws\"]",
      "instances": [
        {
          "schema_version": 0,
          "attributes": {
            "alpn_policy": null,
            "arn": "arn:aws:elasticloadbalancing:us-east-1:918976809844:listener/app/protradenet-alb/f88e8f1de86a3fe4/b42db486bba855aa",
            "certificate_arn": null,
            "default_action": [
              {
                "authenticate_cognito": [],
                "authenticate_oidc": [],
                "fixed_response": [],
                "forward": [
                  {
                    "stickiness": [
                      {
                        "duration": 0,
                        "enabled": false
                      }
                    ],
                    "target_group": [
                      {
                        "arn": "arn:aws:elasticloadbalancing:us-east-1:918976809844:targetgroup/protradenet-tg-1/1b03e73290298831",
                        "weight": 1
                      },
                      {
                        "arn": "arn:aws:elasticloadbalancing:us-east-1:918976809844:targetgroup/protradenet-tg-2/9e1344d1c8d2e8ac",
                        "weight": 1
                      }
                    ]
                  }
                ],
                "order": 1,
                "redirect": [],
                "target_group_arn": "",
                "type": "forward"
              }
            ],
            "id": "arn:aws:elasticloadbalancing:us-east-1:918976809844:listener/app/protradenet-alb/f88e8f1de86a3fe4/b42db486bba855aa",
            "load_balancer_arn": "arn:aws:elasticloadbalancing:us-east-1:918976809844:loadbalancer/app/protradenet-alb/f88e8f1de86a3fe4",
            "port": 80,
            "protocol": "HTTP",
            "ssl_policy": "",
            "tags": null,
            "tags_all": {},
            "timeouts": null
          },
          "sensitive_attributes": [],
          "private": "eyJlMmJmYjczMC1lY2FhLTExZTYtOGY4OC0zNDM2M2JjN2M0YzAiOnsicmVhZCI6NjAwMDAwMDAwMDAwfX0=",
          "dependencies": [
            "aws_lb.protradenet-alb",
            "aws_lb_target_group.protradenet-tg-1",
            "aws_lb_target_group.protradenet-tg-2",
            "aws_security_group.protradenet-alb-sg",
            "data.aws_subnet.protradenet_public-1",
            "data.aws_subnet.protradenet_public-2",
            "data.aws_vpc.protradenet_vpc"
          ]
        }
      ]
    },
    {
      "mode": "managed",
      "type": "aws_lb_target_group",
      "name": "protradenet-tg-1",
      "provider": "provider[\"registry.terraform.io/hashicorp/aws\"]",
      "instances": [
        {
          "schema_version": 0,
          "attributes": {
            "arn": "arn:aws:elasticloadbalancing:us-east-1:918976809844:targetgroup/protradenet-tg-1/1b03e73290298831",
            "arn_suffix": "targetgroup/protradenet-tg-1/1b03e73290298831",
            "connection_termination": false,
            "deregistration_delay": "300",
            "health_check": [
              {
                "enabled": true,
                "healthy_threshold": 5,
                "interval": 30,
                "matcher": "200",
                "path": "/",
                "port": "traffic-port",
                "protocol": "HTTPS",
                "timeout": 5,
                "unhealthy_threshold": 2
              }
            ],
            "id": "arn:aws:elasticloadbalancing:us-east-1:918976809844:targetgroup/protradenet-tg-1/1b03e73290298831",
            "ip_address_type": null,
            "lambda_multi_value_headers_enabled": false,
            "load_balancing_algorithm_type": "round_robin",
            "name": "protradenet-tg-1",
            "name_prefix": null,
            "port": 443,
            "preserve_client_ip": null,
            "protocol": "HTTPS",
            "protocol_version": "HTTP1",
            "proxy_protocol_v2": false,
            "slow_start": 0,
            "stickiness": [
              {
                "cookie_duration": 86400,
                "cookie_name": "",
                "enabled": false,
                "type": "lb_cookie"
              }
            ],
            "tags": null,
            "tags_all": {},
            "target_type": "instance",
            "vpc_id": "vpc-0a87cea05526db67d"
          },
          "sensitive_attributes": [],
          "private": "bnVsbA==",
          "dependencies": [
            "data.aws_vpc.protradenet_vpc"
          ]
        }
      ]
    },
    {
      "mode": "managed",
      "type": "aws_lb_target_group",
      "name": "protradenet-tg-2",
      "provider": "provider[\"registry.terraform.io/hashicorp/aws\"]",
      "instances": [
        {
          "schema_version": 0,
          "attributes": {
            "arn": "arn:aws:elasticloadbalancing:us-east-1:918976809844:targetgroup/protradenet-tg-2/9e1344d1c8d2e8ac",
            "arn_suffix": "targetgroup/protradenet-tg-2/9e1344d1c8d2e8ac",
            "connection_termination": false,
            "deregistration_delay": "300",
            "health_check": [
              {
                "enabled": true,
                "healthy_threshold": 5,
                "interval": 30,
                "matcher": "200",
                "path": "/",
                "port": "traffic-port",
                "protocol": "HTTPS",
                "timeout": 5,
                "unhealthy_threshold": 2
              }
            ],
            "id": "arn:aws:elasticloadbalancing:us-east-1:918976809844:targetgroup/protradenet-tg-2/9e1344d1c8d2e8ac",
            "ip_address_type": null,
            "lambda_multi_value_headers_enabled": false,
            "load_balancing_algorithm_type": "round_robin",
            "name": "protradenet-tg-2",
            "name_prefix": null,
            "port": 443,
            "preserve_client_ip": null,
            "protocol": "HTTPS",
            "protocol_version": "HTTP1",
            "proxy_protocol_v2": false,
            "slow_start": 0,
            "stickiness": [
              {
                "cookie_duration": 86400,
                "cookie_name": "",
                "enabled": false,
                "type": "lb_cookie"
              }
            ],
            "tags": null,
            "tags_all": {},
            "target_type": "instance",
            "vpc_id": "vpc-0a87cea05526db67d"
          },
          "sensitive_attributes": [],
          "private": "bnVsbA==",
          "dependencies": [
            "data.aws_vpc.protradenet_vpc"
          ]
        }
      ]
    },
    {
      "mode": "managed",
      "type": "aws_lb_target_group_attachment",
      "name": "protr_tg_attach-1",
      "provider": "provider[\"registry.terraform.io/hashicorp/aws\"]",
      "instances": [
        {
          "schema_version": 0,
          "attributes": {
            "availability_zone": null,
            "id": "arn:aws:elasticloadbalancing:us-east-1:918976809844:targetgroup/protradenet-tg-1/1b03e73290298831-20221003152718107500000002",
            "port": 443,
            "target_group_arn": "arn:aws:elasticloadbalancing:us-east-1:918976809844:targetgroup/protradenet-tg-1/1b03e73290298831",
            "target_id": "i-0fd7217745578e18f"
          },
          "sensitive_attributes": [],
          "private": "bnVsbA==",
          "dependencies": [
            "aws_instance.protradenet-1",
            "aws_key_pair.protradenet-key",
            "aws_lb_target_group.protradenet-tg-1",
            "aws_security_group.protradenet-sg",
            "data.aws_ami.amazon_linux",
            "data.aws_subnet.protradenet_priv-1",
            "data.aws_vpc.protradenet_vpc",
            "tls_private_key.protradenet_key"
          ]
        }
      ]
    },
    {
      "mode": "managed",
      "type": "aws_lb_target_group_attachment",
      "name": "protr_tg_attach-2",
      "provider": "provider[\"registry.terraform.io/hashicorp/aws\"]",
      "instances": [
        {
          "schema_version": 0,
          "attributes": {
            "availability_zone": null,
            "id": "arn:aws:elasticloadbalancing:us-east-1:918976809844:targetgroup/protradenet-tg-2/9e1344d1c8d2e8ac-20221003152718028800000001",
            "port": 443,
            "target_group_arn": "arn:aws:elasticloadbalancing:us-east-1:918976809844:targetgroup/protradenet-tg-2/9e1344d1c8d2e8ac",
            "target_id": "i-00be909a1674c266d"
          },
          "sensitive_attributes": [],
          "private": "bnVsbA==",
          "dependencies": [
            "aws_instance.protradenet-2",
            "aws_key_pair.protradenet-key",
            "aws_lb_target_group.protradenet-tg-2",
            "aws_security_group.protradenet-sg",
            "data.aws_ami.amazon_linux",
            "data.aws_subnet.protradenet_priv-2",
            "data.aws_vpc.protradenet_vpc",
            "tls_private_key.protradenet_key"
          ]
        }
      ]
    },
    {
      "mode": "managed",
      "type": "aws_security_group",
      "name": "protradenet-alb-sg",
      "provider": "provider[\"registry.terraform.io/hashicorp/aws\"]",
      "instances": [
        {
          "schema_version": 1,
          "attributes": {
            "arn": "arn:aws:ec2:us-east-1:918976809844:security-group/sg-03699802c5905d20f",
            "description": "Allow access inbound traffic",
            "egress": [
              {
                "cidr_blocks": [
                  "0.0.0.0/0"
                ],
                "description": "",
                "from_port": 0,
                "ipv6_cidr_blocks": [],
                "prefix_list_ids": [],
                "protocol": "-1",
                "security_groups": [],
                "self": false,
                "to_port": 0
              }
            ],
            "id": "sg-03699802c5905d20f",
            "ingress": [
              {
                "cidr_blocks": [
                  "0.0.0.0/0"
                ],
                "description": "http",
                "from_port": 80,
                "ipv6_cidr_blocks": [],
                "prefix_list_ids": [],
                "protocol": "tcp",
                "security_groups": [],
                "self": false,
                "to_port": 80
              }
            ],
            "name": "protradenet-alb-sg",
            "name_prefix": "",
            "owner_id": "918976809844",
            "revoke_rules_on_delete": false,
            "tags": {
              "Name": "protradenet_sg-alb"
            },
            "tags_all": {
              "Name": "protradenet_sg-alb"
            },
            "timeouts": null,
            "vpc_id": "vpc-0a87cea05526db67d"
          },
          "sensitive_attributes": [],
          "private": "eyJlMmJmYjczMC1lY2FhLTExZTYtOGY4OC0zNDM2M2JjN2M0YzAiOnsiY3JlYXRlIjo2MDAwMDAwMDAwMDAsImRlbGV0ZSI6OTAwMDAwMDAwMDAwfSwic2NoZW1hX3ZlcnNpb24iOiIxIn0=",
          "dependencies": [
            "data.aws_vpc.protradenet_vpc"
          ]
        }
      ]
    },
    {
      "mode": "managed",
      "type": "aws_security_group",
      "name": "protradenet-sg",
      "provider": "provider[\"registry.terraform.io/hashicorp/aws\"]",
      "instances": [
        {
          "schema_version": 1,
          "attributes": {
            "arn": "arn:aws:ec2:us-east-1:918976809844:security-group/sg-0f35b11b5967ea682",
            "description": "Allow access inbound traffic",
            "egress": [
              {
                "cidr_blocks": [
                  "0.0.0.0/0"
                ],
                "description": "",
                "from_port": 0,
                "ipv6_cidr_blocks": [],
                "prefix_list_ids": [],
                "protocol": "-1",
                "security_groups": [],
                "self": false,
                "to_port": 0
              }
            ],
            "id": "sg-0f35b11b5967ea682",
            "ingress": [
              {
                "cidr_blocks": [
                  "0.0.0.0/0"
                ],
                "description": "custom tcp from VPC",
                "from_port": 88,
                "ipv6_cidr_blocks": [],
                "prefix_list_ids": [],
                "protocol": "tcp",
                "security_groups": [],
                "self": false,
                "to_port": 88
              },
              {
                "cidr_blocks": [
                  "0.0.0.0/0"
                ],
                "description": "http from VPC",
                "from_port": 80,
                "ipv6_cidr_blocks": [],
                "prefix_list_ids": [],
                "protocol": "tcp",
                "security_groups": [],
                "self": false,
                "to_port": 80
              },
              {
                "cidr_blocks": [
                  "0.0.0.0/0"
                ],
                "description": "https from VPC",
                "from_port": 443,
                "ipv6_cidr_blocks": [],
                "prefix_list_ids": [],
                "protocol": "tcp",
                "security_groups": [],
                "self": false,
                "to_port": 443
              },
              {
                "cidr_blocks": [
                  "12.239.215.0/24"
                ],
                "description": "All trafic from VPC",
                "from_port": 0,
                "ipv6_cidr_blocks": [],
                "prefix_list_ids": [],
                "protocol": "-1",
                "security_groups": [],
                "self": false,
                "to_port": 0
              },
              {
                "cidr_blocks": [
                  "130.45.111.64/32",
                  "203.122.33.130/32",
                  "122.177.104.104/32",
                  "122.177.48.115/32",
                  "159.224.220.241/32",
                  "44.203.251.3/32"
                ],
                "description": "ssh from VPC",
                "from_port": 22,
                "ipv6_cidr_blocks": [],
                "prefix_list_ids": [],
                "protocol": "tcp",
                "security_groups": [],
                "self": false,
                "to_port": 22
              },
              {
                "cidr_blocks": [
                  "159.224.220.241/32"
                ],
                "description": "custom tcp from VPC",
                "from_port": 9000,
                "ipv6_cidr_blocks": [],
                "prefix_list_ids": [],
                "protocol": "tcp",
                "security_groups": [],
                "self": false,
                "to_port": 9000
              },
              {
                "cidr_blocks": [
                  "207.36.136.72/32",
                  "12.208.243.202/32",
                  "64.70.194.0/24",
                  "23.21.85.5/32",
                  "207.36.136.35/32",
                  "64.70.193.0/24",
                  "216.87.172.161/32"
                ],
                "description": "mysql/aurora from VPC",
                "from_port": 3306,
                "ipv6_cidr_blocks": [],
                "prefix_list_ids": [],
                "protocol": "tcp",
                "security_groups": [],
                "self": false,
                "to_port": 3306
              }
            ],
            "name": "allow_access",
            "name_prefix": "",
            "owner_id": "918976809844",
            "revoke_rules_on_delete": false,
            "tags": {
              "Name": "protradenet_sg"
            },
            "tags_all": {
              "Name": "protradenet_sg"
            },
            "timeouts": null,
            "vpc_id": "vpc-0a87cea05526db67d"
          },
          "sensitive_attributes": [],
          "private": "eyJlMmJmYjczMC1lY2FhLTExZTYtOGY4OC0zNDM2M2JjN2M0YzAiOnsiY3JlYXRlIjo2MDAwMDAwMDAwMDAsImRlbGV0ZSI6OTAwMDAwMDAwMDAwfSwic2NoZW1hX3ZlcnNpb24iOiIxIn0=",
          "dependencies": [
            "data.aws_vpc.protradenet_vpc"
          ]
        }
      ]
    },
    {
      "mode": "managed",
      "type": "tls_private_key",
      "name": "protradenet_key",
      "provider": "provider[\"registry.terraform.io/hashicorp/tls\"]",
      "instances": [
        {
          "schema_version": 1,
          "attributes": {
            "algorithm": "RSA",
            "ecdsa_curve": "P224",
            "id": "d02b207652e8a0fa8a9579703c3bfe43028106e4",
            "private_key_openssh": "-----BEGIN OPENSSH PRIVATE KEY-----\nb3BlbnNzaC1rZXktdjEAAAAABG5vbmUAAAAEbm9uZQAAAAAAAAABAAACFwAAAAdz\nc2gtcnNhAAAAAwEAAQAAAgEAoEQHYN6idvnJsyyIJIBaZYCmAwDbviPskxbUQ5JL\nrIpOv7+sug+9AqQp2+j4145DrGtcHBcLkJPMo7gP/jEhLx/yxpDLgsTeHEDpJHxK\npAHjUaCkI7JSUL7yjSYOkdrXhqZnv3iMPKf5egdfcf0he7W0Q7o1IKmjTHP6Yb4N\nBpYveHlgsUNnVk0Q+Wk28eGa6zmYNV0nKJl6HRLyHgYfmME6qBEvzNkliLAsvj1b\nEptqJ7AfI7UNBCIj6H2TSzAUj3fi20quMLQ8uJ28BJK3RBA9ycnnu/bodPf2mfsU\nA6OygaXCNPCWSoD+OVLudgXTiq91bBOBb6XzbjTB1zCx2atkFmO5PzNVDBS2KAYE\ninGX3V/JZlkUcVOK8OplSdJI1GmnAF8so/V10o3/JZ5ei6KGrd/n7BrUHgNgPwgU\nc8fCt2ZIfh/z/66uyxlpgRhU14MnDBSukVuyfexbHWDrEZX9SYj/gUT+IR+1pq+q\nmb/KvNGKfqpP2rpH0D+k/3OtakG1xQKwVWuXcthYRqPXgV3ZRWEMcOICKneAcPxE\nMLAbQzNqOefixup+3brPVZC3asx2E5UNWsxphVaapipHWJlc/lf/Q8BwlXwbcW39\nMgxPCx1010Sn6q6LjHB0+5UDgNJoEs0QaVYTP/ZoBeDsfYgtYUG5Kt2z85u50z9J\n060AAAc4OozNqzqMzasAAAAHc3NoLXJzYQAAAgEAoEQHYN6idvnJsyyIJIBaZYCm\nAwDbviPskxbUQ5JLrIpOv7+sug+9AqQp2+j4145DrGtcHBcLkJPMo7gP/jEhLx/y\nxpDLgsTeHEDpJHxKpAHjUaCkI7JSUL7yjSYOkdrXhqZnv3iMPKf5egdfcf0he7W0\nQ7o1IKmjTHP6Yb4NBpYveHlgsUNnVk0Q+Wk28eGa6zmYNV0nKJl6HRLyHgYfmME6\nqBEvzNkliLAsvj1bEptqJ7AfI7UNBCIj6H2TSzAUj3fi20quMLQ8uJ28BJK3RBA9\nycnnu/bodPf2mfsUA6OygaXCNPCWSoD+OVLudgXTiq91bBOBb6XzbjTB1zCx2atk\nFmO5PzNVDBS2KAYEinGX3V/JZlkUcVOK8OplSdJI1GmnAF8so/V10o3/JZ5ei6KG\nrd/n7BrUHgNgPwgUc8fCt2ZIfh/z/66uyxlpgRhU14MnDBSukVuyfexbHWDrEZX9\nSYj/gUT+IR+1pq+qmb/KvNGKfqpP2rpH0D+k/3OtakG1xQKwVWuXcthYRqPXgV3Z\nRWEMcOICKneAcPxEMLAbQzNqOefixup+3brPVZC3asx2E5UNWsxphVaapipHWJlc\n/lf/Q8BwlXwbcW39MgxPCx1010Sn6q6LjHB0+5UDgNJoEs0QaVYTP/ZoBeDsfYgt\nYUG5Kt2z85u50z9J060AAAADAQABAAACACv03K02Awts0WSCR0jzp1eFpILYXmzV\nP5LMRSXPX1AQky7GbKKPpICv9Acr6+x7SZZlz9qoe3SJBSy2VDSc1wQs2BKcLiVM\nx7qqFwf5yyMWnXmK/NoJk8gvxyjtkjtw8YIt6/C5KIWOcL+GfCgwjFl46dtVnDK8\nNFzIxpi+XqY61QRPDjUwTox+ELTHpdlLzojLwDKKvS3Ggpas1pljhpEIFoV4SUr/\nF+tYnr0C6RK+a6w9Ax1xEAPdNUoT/y01H76F3EPXRNV46dqc8K+0ae2SItBQv21v\neCx0wj9TfRbOdCxZAV4xypbesFuaomreiDnWi/c7llnAA3drourZoT2qOf7ZPHGQ\nWBHRqXFc1/Muej4CpcC83g+aSF+rhlPq7pdDKq5iiwWgtZz7/rENeter5YKPF55j\n/PiNEpjRu8A+QSqveKfGaTGJvdV0tM7V5Rye7fpxK3PdiMbWEDpkVJzwqWaQ0IBk\nTf2iWxfca4NRV2brGpK2Qmt1dAOJycQ9uu6qemEpzOj4C9DRdERzG4wo9y3WgGoG\nE3C+3kugQUCoFslNCSOM0rq2wb5f0b+qL0XaVYVbQfNJF7QoCvNVle9QAwQgexGp\nK47N/2rVMWsYykVYRZ98j2YEJ/lm6SGXsvhl2kzp0uYw88tR5O2cl7r+wIoMnX35\ntxhCN/f+M64lAAABADpGiG6UJnCRI1Z9uINk/oHB+Ncr9tpFmlo53pfMvCEl9jvi\nJl+Tam9oPHCUTJ3fh3LVeExLR1ZXE+TKGVpIbMuTJOP5poQI8ws7FrfRIsb2Kpcl\nsWF6nlvgzws7pkdp/Ga9YT3Np585BgxUrqB5a4yWZVbMONMI4n2EUu0ymuriJgAd\nJWQ/MFa5tYmG6tTli2yDeXMkMNShpFqsAtds1p/F25GE5FcLPigNDUDbJlRPrEE4\nuSrHZVtgxpowjCIj+BdbLWidMn8SdirEj8BmfR0f7QkZ5VCoGAK0mBKjLoGTGvI3\n7mtinBUSDI9U6Dw3WcL9TZRr+aK/IGnGRMv10HkAAAEBANDDUWeHjRBzRJvntUJk\nEDfusNZPyVttZdm75XydQy/w99DUQfFjuNKDHaa0ZlrSo027OHD0mxpyaLcSFAmm\nB1mQ2308ZziJDUfK4LkwsfIkZyV7U7j+mmahFl8oJN74AIKFauhVYtEyds1au/jS\njc5LxsSpGN7E7vTJUCkUh0Sy/fg+qhiW/C+ZZcYthup3NvOepE9TcBx9kzak85n8\nvIRsN+XuBcjq2fFcSJwY24u5o4fdybzSBIufmgvU70/pjFXqW0FgSly5OP/z/fs2\ncdypnrGvvWR2p4dhMBnrX14F4E1ElcrxeSx6VhvPxUuqiNuf376k9w/A0TBRraul\nsGsAAAEBAMSHfSUqCVfTHzE1ShljQ9Q1gfnykKmkTb0sfLJp4UYP4T5JoNStcXiN\nplbpQotQPuIzdipYHUtcVM7RI5Gvft+u9i2A8Qw72WwgRTQjn6RfxaHWtiJhCPWZ\nnBezoGJnQ2roxuledmZCnYqsAfp1qqiGHwRxM6bA8eW3kXOz44+mhIkG04fth3qP\nga4+bsgPR0KaWjvrCrvl4Wg1G4/el1fxDN8wV6Qc6zNDsXtl43Q45XsX/JW+6Trd\nPfEo/WobatlTcfJFyeriTR/Ko2R5THA6enhYmD4QJ9t/ct7auboF/Fc9rsSgZdFa\npMGRaK5cheDtXyTU9Z724WZ9dsvjMkcAAAAAAQID\n-----END OPENSSH PRIVATE KEY-----\n",
            "private_key_pem": "-----BEGIN RSA PRIVATE KEY-----\nMIIJJwIBAAKCAgEAoEQHYN6idvnJsyyIJIBaZYCmAwDbviPskxbUQ5JLrIpOv7+s\nug+9AqQp2+j4145DrGtcHBcLkJPMo7gP/jEhLx/yxpDLgsTeHEDpJHxKpAHjUaCk\nI7JSUL7yjSYOkdrXhqZnv3iMPKf5egdfcf0he7W0Q7o1IKmjTHP6Yb4NBpYveHlg\nsUNnVk0Q+Wk28eGa6zmYNV0nKJl6HRLyHgYfmME6qBEvzNkliLAsvj1bEptqJ7Af\nI7UNBCIj6H2TSzAUj3fi20quMLQ8uJ28BJK3RBA9ycnnu/bodPf2mfsUA6OygaXC\nNPCWSoD+OVLudgXTiq91bBOBb6XzbjTB1zCx2atkFmO5PzNVDBS2KAYEinGX3V/J\nZlkUcVOK8OplSdJI1GmnAF8so/V10o3/JZ5ei6KGrd/n7BrUHgNgPwgUc8fCt2ZI\nfh/z/66uyxlpgRhU14MnDBSukVuyfexbHWDrEZX9SYj/gUT+IR+1pq+qmb/KvNGK\nfqpP2rpH0D+k/3OtakG1xQKwVWuXcthYRqPXgV3ZRWEMcOICKneAcPxEMLAbQzNq\nOefixup+3brPVZC3asx2E5UNWsxphVaapipHWJlc/lf/Q8BwlXwbcW39MgxPCx10\n10Sn6q6LjHB0+5UDgNJoEs0QaVYTP/ZoBeDsfYgtYUG5Kt2z85u50z9J060CAwEA\nAQKCAgAr9NytNgMLbNFkgkdI86dXhaSC2F5s1T+SzEUlz19QEJMuxmyij6SAr/QH\nK+vse0mWZc/aqHt0iQUstlQ0nNcELNgSnC4lTMe6qhcH+csjFp15ivzaCZPIL8co\n7ZI7cPGCLevwuSiFjnC/hnwoMIxZeOnbVZwyvDRcyMaYvl6mOtUETw41ME6MfhC0\nx6XZS86Iy8Ayir0txoKWrNaZY4aRCBaFeElK/xfrWJ69AukSvmusPQMdcRAD3TVK\nE/8tNR++hdxD10TVeOnanPCvtGntkiLQUL9tb3gsdMI/U30WznQsWQFeMcqW3rBb\nmqJq3og51ov3O5ZZwAN3a6Lq2aE9qjn+2TxxkFgR0alxXNfzLno+AqXAvN4Pmkhf\nq4ZT6u6XQyquYosFoLWc+/6xDXrXq+WCjxeeY/z4jRKY0bvAPkEqr3inxmkxib3V\ndLTO1eUcnu36cStz3YjG1hA6ZFSc8KlmkNCAZE39olsX3GuDUVdm6xqStkJrdXQD\nicnEPbruqnphKczo+AvQ0XREcxuMKPct1oBqBhNwvt5LoEFAqBbJTQkjjNK6tsG+\nX9G/qi9F2lWFW0HzSRe0KArzVZXvUAMEIHsRqSuOzf9q1TFrGMpFWEWffI9mBCf5\nZukhl7L4ZdpM6dLmMPPLUeTtnJe6/sCKDJ19+bcYQjf3/jOuJQKCAQEA0MNRZ4eN\nEHNEm+e1QmQQN+6w1k/JW21l2bvlfJ1DL/D30NRB8WO40oMdprRmWtKjTbs4cPSb\nGnJotxIUCaYHWZDbfTxnOIkNR8rguTCx8iRnJXtTuP6aZqEWXygk3vgAgoVq6FVi\n0TJ2zVq7+NKNzkvGxKkY3sTu9MlQKRSHRLL9+D6qGJb8L5llxi2G6nc2856kT1Nw\nHH2TNqTzmfy8hGw35e4FyOrZ8VxInBjbi7mjh93JvNIEi5+aC9TvT+mMVepbQWBK\nXLk4//P9+zZx3Kmesa+9ZHanh2EwGetfXgXgTUSVyvF5LHpWG8/FS6qI25/fvqT3\nD8DRMFGtq6WwawKCAQEAxId9JSoJV9MfMTVKGWND1DWB+fKQqaRNvSx8smnhRg/h\nPkmg1K1xeI2mVulCi1A+4jN2KlgdS1xUztEjka9+3672LYDxDDvZbCBFNCOfpF/F\noda2ImEI9ZmcF7OgYmdDaujG6V52ZkKdiqwB+nWqqIYfBHEzpsDx5beRc7Pjj6aE\niQbTh+2Heo+Brj5uyA9HQppaO+sKu+XhaDUbj96XV/EM3zBXpBzrM0Oxe2XjdDjl\nexf8lb7pOt098Sj9ahtq2VNx8kXJ6uJNH8qjZHlMcDp6eFiYPhAn239y3tq5ugX8\nVz2uxKBl0VqkwZForlyF4O1fJNT1nvbhZn12y+MyRwKCAQBTntjdmlszyqghttdR\nB5nDfbWRspXaLGDOrUfH+YovCtuI52yejy46DFD1NG+HU7Yb7bE29ZOnLUqqgfBK\nyRlKlA6HBInoCGWsayRGqa2ta01xowuvHzSjhUTbys2yDi7OGTjwZTtWxlr1+LEw\ngs5QYuP0ZDNVEBcTMAwO2G0yZGv8YsVpYhkTy+MLVbMj+aqmPNZd+/L9RoOQMNRu\nyuCMPnjJfeUNTJ0N48Ql2oMeXbaWNo2XN5ygfMaMlLdjEA6pX108O6CtsXeWdpo2\nZOGI3Nx3GgjH1AtY2+ITj8c8dygYay+BAeZinYIeU8QYge+d4VUTHSrlQXvJWf4x\nsgWPAoIBAFRJ9/aUjOVJ+zrTrDAvTswZFuHokvrvKRhVmDW9C41NCkH4ui39JYma\n1xi3en7dr9q8T5XhrM7Bju4U7LhzGGs/Uv45KykgEiQ5wvSVwsZw/QZoXD1qeLk9\nZKEVvVf3Cgc0RvuYNBevwnnTRBXzmXol6++vzYNbhWQM0ylYoeTeekF62AaYbV63\nZdshk8niI6IBKWpBaJ0l/wL+pA+UXDyveeHPjgcpEAcwpVJTZLZYILQmmYJwGv/Q\nG9zuw6FamP0UuO472FoRLRrRgjp5e7s2mYg8Fy+nJjER/GZwUO/j2VJhdi+Gy6R6\nx+btQoRl0lWh+QiG/cFsCUg3z1eq3ckCggEAOkaIbpQmcJEjVn24g2T+gcH41yv2\n2kWaWjnel8y8ISX2O+ImX5Nqb2g8cJRMnd+HctV4TEtHVlcT5MoZWkhsy5Mk4/mm\nhAjzCzsWt9EixvYqlyWxYXqeW+DPCzumR2n8Zr1hPc2nnzkGDFSuoHlrjJZlVsw4\n0wjifYRS7TKa6uImAB0lZD8wVrm1iYbq1OWLbIN5cyQw1KGkWqwC12zWn8XbkYTk\nVws+KA0NQNsmVE+sQTi5KsdlW2DGmjCMIiP4F1staJ0yfxJ2KsSPwGZ9HR/tCRnl\nUKgYArSYEqMugZMa8jfua2KcFRIMj1ToPDdZwv1NlGv5or8gacZEy/XQeQ==\n-----END RSA PRIVATE KEY-----\n",
            "private_key_pem_pkcs8": "-----BEGIN PRIVATE KEY-----\nMIIJQQIBADANBgkqhkiG9w0BAQEFAASCCSswggknAgEAAoICAQCgRAdg3qJ2+cmz\nLIgkgFplgKYDANu+I+yTFtRDkkusik6/v6y6D70CpCnb6PjXjkOsa1wcFwuQk8yj\nuA/+MSEvH/LGkMuCxN4cQOkkfEqkAeNRoKQjslJQvvKNJg6R2teGpme/eIw8p/l6\nB19x/SF7tbRDujUgqaNMc/phvg0Gli94eWCxQ2dWTRD5aTbx4ZrrOZg1XScomXod\nEvIeBh+YwTqoES/M2SWIsCy+PVsSm2onsB8jtQ0EIiPofZNLMBSPd+LbSq4wtDy4\nnbwEkrdEED3Jyee79uh09/aZ+xQDo7KBpcI08JZKgP45Uu52BdOKr3VsE4FvpfNu\nNMHXMLHZq2QWY7k/M1UMFLYoBgSKcZfdX8lmWRRxU4rw6mVJ0kjUaacAXyyj9XXS\njf8lnl6Looat3+fsGtQeA2A/CBRzx8K3Zkh+H/P/rq7LGWmBGFTXgycMFK6RW7J9\n7FsdYOsRlf1JiP+BRP4hH7Wmr6qZv8q80Yp+qk/aukfQP6T/c61qQbXFArBVa5dy\n2FhGo9eBXdlFYQxw4gIqd4Bw/EQwsBtDM2o55+LG6n7dus9VkLdqzHYTlQ1azGmF\nVpqmKkdYmVz+V/9DwHCVfBtxbf0yDE8LHXTXRKfqrouMcHT7lQOA0mgSzRBpVhM/\n9mgF4Ox9iC1hQbkq3bPzm7nTP0nTrQIDAQABAoICACv03K02Awts0WSCR0jzp1eF\npILYXmzVP5LMRSXPX1AQky7GbKKPpICv9Acr6+x7SZZlz9qoe3SJBSy2VDSc1wQs\n2BKcLiVMx7qqFwf5yyMWnXmK/NoJk8gvxyjtkjtw8YIt6/C5KIWOcL+GfCgwjFl4\n6dtVnDK8NFzIxpi+XqY61QRPDjUwTox+ELTHpdlLzojLwDKKvS3Ggpas1pljhpEI\nFoV4SUr/F+tYnr0C6RK+a6w9Ax1xEAPdNUoT/y01H76F3EPXRNV46dqc8K+0ae2S\nItBQv21veCx0wj9TfRbOdCxZAV4xypbesFuaomreiDnWi/c7llnAA3drourZoT2q\nOf7ZPHGQWBHRqXFc1/Muej4CpcC83g+aSF+rhlPq7pdDKq5iiwWgtZz7/rENeter\n5YKPF55j/PiNEpjRu8A+QSqveKfGaTGJvdV0tM7V5Rye7fpxK3PdiMbWEDpkVJzw\nqWaQ0IBkTf2iWxfca4NRV2brGpK2Qmt1dAOJycQ9uu6qemEpzOj4C9DRdERzG4wo\n9y3WgGoGE3C+3kugQUCoFslNCSOM0rq2wb5f0b+qL0XaVYVbQfNJF7QoCvNVle9Q\nAwQgexGpK47N/2rVMWsYykVYRZ98j2YEJ/lm6SGXsvhl2kzp0uYw88tR5O2cl7r+\nwIoMnX35txhCN/f+M64lAoIBAQDQw1Fnh40Qc0Sb57VCZBA37rDWT8lbbWXZu+V8\nnUMv8PfQ1EHxY7jSgx2mtGZa0qNNuzhw9Jsacmi3EhQJpgdZkNt9PGc4iQ1HyuC5\nMLHyJGcle1O4/ppmoRZfKCTe+ACChWroVWLRMnbNWrv40o3OS8bEqRjexO70yVAp\nFIdEsv34PqoYlvwvmWXGLYbqdzbznqRPU3AcfZM2pPOZ/LyEbDfl7gXI6tnxXEic\nGNuLuaOH3cm80gSLn5oL1O9P6YxV6ltBYEpcuTj/8/37NnHcqZ6xr71kdqeHYTAZ\n619eBeBNRJXK8XkselYbz8VLqojbn9++pPcPwNEwUa2rpbBrAoIBAQDEh30lKglX\n0x8xNUoZY0PUNYH58pCppE29LHyyaeFGD+E+SaDUrXF4jaZW6UKLUD7iM3YqWB1L\nXFTO0SORr37frvYtgPEMO9lsIEU0I5+kX8Wh1rYiYQj1mZwXs6BiZ0Nq6MbpXnZm\nQp2KrAH6daqohh8EcTOmwPHlt5Fzs+OPpoSJBtOH7Yd6j4GuPm7ID0dCmlo76wq7\n5eFoNRuP3pdX8QzfMFekHOszQ7F7ZeN0OOV7F/yVvuk63T3xKP1qG2rZU3HyRcnq\n4k0fyqNkeUxwOnp4WJg+ECfbf3Le2rm6BfxXPa7EoGXRWqTBkWiuXIXg7V8k1PWe\n9uFmfXbL4zJHAoIBAFOe2N2aWzPKqCG211EHmcN9tZGyldosYM6tR8f5ii8K24jn\nbJ6PLjoMUPU0b4dTthvtsTb1k6ctSqqB8ErJGUqUDocEiegIZaxrJEapra1rTXGj\nC68fNKOFRNvKzbIOLs4ZOPBlO1bGWvX4sTCCzlBi4/RkM1UQFxMwDA7YbTJka/xi\nxWliGRPL4wtVsyP5qqY81l378v1Gg5Aw1G7K4Iw+eMl95Q1MnQ3jxCXagx5dtpY2\njZc3nKB8xoyUt2MQDqlfXTw7oK2xd5Z2mjZk4Yjc3HcaCMfUC1jb4hOPxzx3KBhr\nL4EB5mKdgh5TxBiB753hVRMdKuVBe8lZ/jGyBY8CggEAVEn39pSM5Un7OtOsMC9O\nzBkW4eiS+u8pGFWYNb0LjU0KQfi6Lf0liZrXGLd6ft2v2rxPleGszsGO7hTsuHMY\naz9S/jkrKSASJDnC9JXCxnD9BmhcPWp4uT1koRW9V/cKBzRG+5g0F6/CedNEFfOZ\neiXr76/Ng1uFZAzTKVih5N56QXrYBphtXrdl2yGTyeIjogEpakFonSX/Av6kD5Rc\nPK954c+OBykQBzClUlNktlggtCaZgnAa/9Ab3O7DoVqY/RS47jvYWhEtGtGCOnl7\nuzaZiDwXL6cmMRH8ZnBQ7+PZUmF2L4bLpHrH5u1ChGXSVaH5CIb9wWwJSDfPV6rd\nyQKCAQA6RohulCZwkSNWfbiDZP6BwfjXK/baRZpaOd6XzLwhJfY74iZfk2pvaDxw\nlEyd34dy1XhMS0dWVxPkyhlaSGzLkyTj+aaECPMLOxa30SLG9iqXJbFhep5b4M8L\nO6ZHafxmvWE9zaefOQYMVK6geWuMlmVWzDjTCOJ9hFLtMprq4iYAHSVkPzBWubWJ\nhurU5Ytsg3lzJDDUoaRarALXbNafxduRhORXCz4oDQ1A2yZUT6xBOLkqx2VbYMaa\nMIwiI/gXWy1onTJ/EnYqxI/AZn0dH+0JGeVQqBgCtJgSoy6BkxryN+5rYpwVEgyP\nVOg8N1nC/U2Ua/mivyBpxkTL9dB5\n-----END PRIVATE KEY-----\n",
            "public_key_fingerprint_md5": "8b:30:62:6e:9c:bc:21:34:19:c5:77:99:84:53:00:fc",
            "public_key_fingerprint_sha256": "SHA256:KHWUjDuzlGHYTXinNzz8CqNB1e3rFozyvUyaH+632sc",
            "public_key_openssh": "ssh-rsa AAAAB3NzaC1yc2EAAAADAQABAAACAQCgRAdg3qJ2+cmzLIgkgFplgKYDANu+I+yTFtRDkkusik6/v6y6D70CpCnb6PjXjkOsa1wcFwuQk8yjuA/+MSEvH/LGkMuCxN4cQOkkfEqkAeNRoKQjslJQvvKNJg6R2teGpme/eIw8p/l6B19x/SF7tbRDujUgqaNMc/phvg0Gli94eWCxQ2dWTRD5aTbx4ZrrOZg1XScomXodEvIeBh+YwTqoES/M2SWIsCy+PVsSm2onsB8jtQ0EIiPofZNLMBSPd+LbSq4wtDy4nbwEkrdEED3Jyee79uh09/aZ+xQDo7KBpcI08JZKgP45Uu52BdOKr3VsE4FvpfNuNMHXMLHZq2QWY7k/M1UMFLYoBgSKcZfdX8lmWRRxU4rw6mVJ0kjUaacAXyyj9XXSjf8lnl6Looat3+fsGtQeA2A/CBRzx8K3Zkh+H/P/rq7LGWmBGFTXgycMFK6RW7J97FsdYOsRlf1JiP+BRP4hH7Wmr6qZv8q80Yp+qk/aukfQP6T/c61qQbXFArBVa5dy2FhGo9eBXdlFYQxw4gIqd4Bw/EQwsBtDM2o55+LG6n7dus9VkLdqzHYTlQ1azGmFVpqmKkdYmVz+V/9DwHCVfBtxbf0yDE8LHXTXRKfqrouMcHT7lQOA0mgSzRBpVhM/9mgF4Ox9iC1hQbkq3bPzm7nTP0nTrQ==\n",
            "public_key_pem": "-----BEGIN PUBLIC KEY-----\nMIICIjANBgkqhkiG9w0BAQEFAAOCAg8AMIICCgKCAgEAoEQHYN6idvnJsyyIJIBa\nZYCmAwDbviPskxbUQ5JLrIpOv7+sug+9AqQp2+j4145DrGtcHBcLkJPMo7gP/jEh\nLx/yxpDLgsTeHEDpJHxKpAHjUaCkI7JSUL7yjSYOkdrXhqZnv3iMPKf5egdfcf0h\ne7W0Q7o1IKmjTHP6Yb4NBpYveHlgsUNnVk0Q+Wk28eGa6zmYNV0nKJl6HRLyHgYf\nmME6qBEvzNkliLAsvj1bEptqJ7AfI7UNBCIj6H2TSzAUj3fi20quMLQ8uJ28BJK3\nRBA9ycnnu/bodPf2mfsUA6OygaXCNPCWSoD+OVLudgXTiq91bBOBb6XzbjTB1zCx\n2atkFmO5PzNVDBS2KAYEinGX3V/JZlkUcVOK8OplSdJI1GmnAF8so/V10o3/JZ5e\ni6KGrd/n7BrUHgNgPwgUc8fCt2ZIfh/z/66uyxlpgRhU14MnDBSukVuyfexbHWDr\nEZX9SYj/gUT+IR+1pq+qmb/KvNGKfqpP2rpH0D+k/3OtakG1xQKwVWuXcthYRqPX\ngV3ZRWEMcOICKneAcPxEMLAbQzNqOefixup+3brPVZC3asx2E5UNWsxphVaapipH\nWJlc/lf/Q8BwlXwbcW39MgxPCx1010Sn6q6LjHB0+5UDgNJoEs0QaVYTP/ZoBeDs\nfYgtYUG5Kt2z85u50z9J060CAwEAAQ==\n-----END PUBLIC KEY-----\n",
            "rsa_bits": 4096
          },
          "sensitive_attributes": []
        }
      ]
    }
  ]
}
